
Microsoft Visual Studio Solution File, Format Version 12.00
# Visual Studio Version 17
VisualStudioVersion = 17.7.34031.279
MinimumVisualStudioVersion = 10.0.40219.1
Project("{8BC9CEB8-8B4A-11D0-8D11-00A0C91BC942}") = "Cull_the_gull", "Cull_the_gull\Cull_the_gull.vcxproj", "{10523191-1362-4A22-B2AE-D8568CD26DF0}"
EndProject
Global
	GlobalSection(SolutionConfigurationPlatforms) = preSolution
		Debug|x64 = Debug|x64
		Debug|x86 = Debug|x86
		Release|x64 = Release|x64
		Release|x86 = Release|x86
	EndGlobalSection
	GlobalSection(ProjectConfigurationPlatforms) = postSolution
		{10523191-1362-4A22-B2AE-D8568CD26DF0}.Debug|x64.ActiveCfg = Debug|x64
		{10523191-1362-4A22-B2AE-D8568CD26DF0}.Debug|x64.Build.0 = Debug|x64
		{10523191-1362-4A22-B2AE-D8568CD26DF0}.Debug|x86.ActiveCfg = Debug|Win32
		{10523191-1362-4A22-B2AE-D8568CD26DF0}.Debug|x86.Build.0 = Debug|Win32
		{10523191-1362-4A22-B2AE-D8568CD26DF0}.Release|x64.ActiveCfg = Release|x64
		{10523191-1362-4A22-B2AE-D8568CD26DF0}.Release|x64.Build.0 = Release|x64
		{10523191-1362-4A22-B2AE-D8568CD26DF0}.Release|x86.ActiveCfg = Release|Win32
		{10523191-1362-4A22-B2AE-D8568CD26DF0}.Release|x86.Build.0 = Release|Win32
	EndGlobalSection
	GlobalSection(SolutionProperties) = preSolution
		HideSolutionNode = FALSE
	EndGlobalSection
	GlobalSection(ExtensibilityGlobals) = postSolution
		SolutionGuid = {55F9E3C4-536C-42BA-9555-D476E7F9B2F9}
	EndGlobalSection
EndGlobal
